// !$*UTF8*$!
{
	archiveVersion = 1;
	classes = {
	};
	objectVersion = 46;
	objects = {

/* Begin PBXBuildFile section */
		2E0288C91D82BE3600AEB490 /* AppDelegate.swift in Sources */ = {isa = PBXBuildFile; fileRef = 2E0288C81D82BE3600AEB490 /* AppDelegate.swift */; };
		2E0288CE1D82BE3700AEB490 /* Main.storyboard in Resources */ = {isa = PBXBuildFile; fileRef = 2E0288CC1D82BE3700AEB490 /* Main.storyboard */; };
		2E0288D01D82BE3700AEB490 /* Assets.xcassets in Resources */ = {isa = PBXBuildFile; fileRef = 2E0288CF1D82BE3700AEB490 /* Assets.xcassets */; };
		2E0288D31D82BE3700AEB490 /* LaunchScreen.storyboard in Resources */ = {isa = PBXBuildFile; fileRef = 2E0288D11D82BE3700AEB490 /* LaunchScreen.storyboard */; };
		2E0288DB1D82D7AE00AEB490 /* ContactViewController.swift in Sources */ = {isa = PBXBuildFile; fileRef = 2E0288DA1D82D7AE00AEB490 /* ContactViewController.swift */; };
		2E0288DD1D82DA0400AEB490 /* CustomCell.swift in Sources */ = {isa = PBXBuildFile; fileRef = 2E0288DC1D82DA0400AEB490 /* CustomCell.swift */; };
		2E0288DF1D82DCB000AEB490 /* play.png in Resources */ = {isa = PBXBuildFile; fileRef = 2E0288DE1D82DCB000AEB490 /* play.png */; };
		2E0288E11D82DE8400AEB490 /* sanjeet.png in Resources */ = {isa = PBXBuildFile; fileRef = 2E0288E01D82DE8400AEB490 /* sanjeet.png */; };
		2E6A93C41D87C63200E783D7 /* CustomCollectionViewCell.swift in Sources */ = {isa = PBXBuildFile; fileRef = 2E6A93C31D87C63200E783D7 /* CustomCollectionViewCell.swift */; };
		2EBBB87A1D86DA8800729617 /* FacebookFeedViewController.swift in Sources */ = {isa = PBXBuildFile; fileRef = 2EBBB8791D86DA8700729617 /* FacebookFeedViewController.swift */; };
/* End PBXBuildFile section */

/* Begin PBXFileReference section */
		2E0288C51D82BE3500AEB490 /* FacebookFeed.app */ = {isa = PBXFileReference; explicitFileType = wrapper.application; includeInIndex = 0; path = FacebookFeed.app; sourceTree = BUILT_PRODUCTS_DIR; };
		2E0288C81D82BE3600AEB490 /* AppDelegate.swift */ = {isa = PBXFileReference; lastKnownFileType = sourcecode.swift; path = AppDelegate.swift; sourceTree = "<group>"; };
		2E0288CD1D82BE3700AEB490 /* Base */ = {isa = PBXFileReference; lastKnownFileType = file.storyboard; name = Base; path = Base.lproj/Main.storyboard; sourceTree = "<group>"; };
		2E0288CF1D82BE3700AEB490 /* Assets.xcassets */ = {isa = PBXFileReference; lastKnownFileType = folder.assetcatalog; path = Assets.xcassets; sourceTree = "<group>"; };
		2E0288D21D82BE3700AEB490 /* Base */ = {isa = PBXFileReference; lastKnownFileType = file.storyboard; name = Base; path = Base.lproj/LaunchScreen.storyboard; sourceTree = "<group>"; };
		2E0288D41D82BE3700AEB490 /* Info.plist */ = {isa = PBXFileReference; lastKnownFileType = text.plist.xml; path = Info.plist; sourceTree = "<group>"; };
		2E0288DA1D82D7AE00AEB490 /* ContactViewController.swift */ = {isa = PBXFileReference; fileEncoding = 4; lastKnownFileType = sourcecode.swift; path = ContactViewController.swift; sourceTree = "<group>"; };
		2E0288DC1D82DA0400AEB490 /* CustomCell.swift */ = {isa = PBXFileReference; fileEncoding = 4; lastKnownFileType = sourcecode.swift; path = CustomCell.swift; sourceTree = "<group>"; };
		2E0288DE1D82DCB000AEB490 /* play.png */ = {isa = PBXFileReference; lastKnownFileType = image.png; path = play.png; sourceTree = "<group>"; };
		2E0288E01D82DE8400AEB490 /* sanjeet.png */ = {isa = PBXFileReference; lastKnownFileType = image.png; path = sanjeet.png; sourceTree = "<group>"; };
		2E6A93C31D87C63200E783D7 /* CustomCollectionViewCell.swift */ = {isa = PBXFileReference; fileEncoding = 4; lastKnownFileType = sourcecode.swift; path = CustomCollectionViewCell.swift; sourceTree = "<group>"; };
		2EBBB8791D86DA8700729617 /* FacebookFeedViewController.swift */ = {isa = PBXFileReference; fileEncoding = 4; lastKnownFileType = sourcecode.swift; path = FacebookFeedViewController.swift; sourceTree = "<group>"; };
/* End PBXFileReference section */

/* Begin PBXFrameworksBuildPhase section */
		2E0288C21D82BE3500AEB490 /* Frameworks */ = {
			isa = PBXFrameworksBuildPhase;
			buildActionMask = 2147483647;
			files = (
			);
			runOnlyForDeploymentPostprocessing = 0;
		};
/* End PBXFrameworksBuildPhase section */

/* Begin PBXGroup section */
		2E0288BC1D82BE3500AEB490 = {
			isa = PBXGroup;
			children = (
				2E0288C71D82BE3600AEB490 /* FacebookFeed */,
				2E0288C61D82BE3500AEB490 /* Products */,
			);
			sourceTree = "<group>";
		};
		2E0288C61D82BE3500AEB490 /* Products */ = {
			isa = PBXGroup;
			children = (
				2E0288C51D82BE3500AEB490 /* FacebookFeed.app */,
			);
			name = Products;
			sourceTree = "<group>";
		};
		2E0288C71D82BE3600AEB490 /* FacebookFeed */ = {
			isa = PBXGroup;
			children = (
				2E0288C81D82BE3600AEB490 /* AppDelegate.swift */,
				2E0288DA1D82D7AE00AEB490 /* ContactViewController.swift */,
				2EBBB8791D86DA8700729617 /* FacebookFeedViewController.swift */,
				2E0288DC1D82DA0400AEB490 /* CustomCell.swift */,
				2E6A93C31D87C63200E783D7 /* CustomCollectionViewCell.swift */,
				2E0288DE1D82DCB000AEB490 /* play.png */,
				2E0288E01D82DE8400AEB490 /* sanjeet.png */,
				2E0288CC1D82BE3700AEB490 /* Main.storyboard */,
				2E0288CF1D82BE3700AEB490 /* Assets.xcassets */,
				2E0288D11D82BE3700AEB490 /* LaunchScreen.storyboard */,
				2E0288D41D82BE3700AEB490 /* Info.plist */,
			);
			path = FacebookFeed;
			sourceTree = "<group>";
		};
/* End PBXGroup section */

/* Begin PBXNativeTarget section */
		2E0288C41D82BE3500AEB490 /* FacebookFeed */ = {
			isa = PBXNativeTarget;
			buildConfigurationList = 2E0288D71D82BE3700AEB490 /* Build configuration list for PBXNativeTarget "FacebookFeed" */;
			buildPhases = (
				2E0288C11D82BE3500AEB490 /* Sources */,
				2E0288C21D82BE3500AEB490 /* Frameworks */,
				2E0288C31D82BE3500AEB490 /* Resources */,
			);
			buildRules = (
			);
			dependencies = (
			);
			name = FacebookFeed;
			productName = FacebookFeed;
			productReference = 2E0288C51D82BE3500AEB490 /* FacebookFeed.app */;
			productType = "com.apple.product-type.application";
		};
/* End PBXNativeTarget section */

/* Begin PBXProject section */
		2E0288BD1D82BE3500AEB490 /* Project object */ = {
			isa = PBXProject;
			attributes = {
				LastSwiftUpdateCheck = 0730;
				LastUpgradeCheck = 0730;
				ORGANIZATIONNAME = sanjeet;
				TargetAttributes = {
					2E0288C41D82BE3500AEB490 = {
						CreatedOnToolsVersion = 7.3.1;
					};
				};
			};
			buildConfigurationList = 2E0288C01D82BE3500AEB490 /* Build configuration list for PBXProject "FacebookFeed" */;
			compatibilityVersion = "Xcode 3.2";
			developmentRegion = English;
			hasScannedForEncodings = 0;
			knownRegions = (
				en,
				Base,
			);
			mainGroup = 2E0288BC1D82BE3500AEB490;
			productRefGroup = 2E0288C61D82BE3500AEB490 /* Products */;
			projectDirPath = "";
			projectRoot = "";
			targets = (
				2E0288C41D82BE3500AEB490 /* FacebookFeed */,
			);
		};
/* End PBXProject section */

/* Begin PBXResourcesBuildPhase section */
		2E0288C31D82BE3500AEB490 /* Resources */ = {
			isa = PBXResourcesBuildPhase;
			buildActionMask = 2147483647;
			files = (
				2E0288D31D82BE3700AEB490 /* LaunchScreen.storyboard in Resources */,
				2E0288DF1D82DCB000AEB490 /* play.png in Resources */,
				2E0288D01D82BE3700AEB490 /* Assets.xcassets in Resources */,
				2E0288CE1D82BE3700AEB490 /* Main.storyboard in Resources */,
				2E0288E11D82DE8400AEB490 /* sanjeet.png in Resources */,
			);
			runOnlyForDeploymentPostprocessing = 0;
		};
/* End PBXResourcesBuildPhase section */

/* Begin PBXSourcesBuildPhase section */
		2E0288C11D82BE3500AEB490 /* Sources */ = {
			isa = PBXSourcesBuildPhase;
			buildActionMask = 2147483647;
			files = (
				2EBBB87A1D86DA8800729617 /* FacebookFeedViewController.swift in Sources */,
				2E6A93C41D87C63200E783D7 /* CustomCollectionViewCell.swift in Sources */,
				2E0288C91D82BE3600AEB490 /* AppDelegate.swift in Sources */,
				2E0288DD1D82DA0400AEB490 /* CustomCell.swift in Sources */,
				2E0288DB1D82D7AE00AEB490 /* ContactViewController.swift in Sources */,
			);
			runOnlyForDeploymentPostprocessing = 0;
		};
/* End PBXSourcesBuildPhase section */

/* Begin PBXVariantGroup section */
		2E0288CC1D82BE3700AEB490 /* Main.storyboard */ = {
			isa = PBXVariantGroup;
			children = (
				2E0288CD1D82BE3700AEB490 /* Base */,
			);
			name = Main.storyboard;
			sourceTree = "<group>";
		};
		2E0288D11D82BE3700AEB490 /* LaunchScreen.storyboard */ = {
			isa = PBXVariantGroup;
			children = (
				2E0288D21D82BE3700AEB490 /* Base */,
			);
			name = LaunchScreen.storyboard;
			sourceTree = "<group>";
		};
/* End PBXVariantGroup section */

/* Begin XCBuildConfiguration section */
		2E0288D51D82BE3700AEB490 /* Debug */ = {
			isa = XCBuildConfiguration;
			buildSettings = {
				ALWAYS_SEARCH_USER_PATHS = NO;
				CLANG_ANALYZER_NONNULL = YES;
				CLANG_CXX_LANGUAGE_STANDARD = "gnu++0x";
				CLANG_CXX_LIBRARY = "libc++";
				CLANG_ENABLE_MODULES = YES;
				CLANG_ENABLE_OBJC_ARC = YES;
				CLANG_WARN_BOOL_CONVERSION = YES;
				CLANG_WARN_CONSTANT_CONVERSION = YES;
				CLANG_WARN_DIRECT_OBJC_ISA_USAGE = YES_ERROR;
				CLANG_WARN_EMPTY_BODY = YES;
				CLANG_WARN_ENUM_CONVERSION = YES;
				CLANG_WARN_INT_CONVERSION = YES;
				CLANG_WARN_OBJC_ROOT_CLASS = YES_ERROR;
				CLANG_WARN_UNREACHABLE_CODE = YES;
				CLANG_WARN__DUPLICATE_METHOD_MATCH = YES;
				"CODE_SIGN_IDENTITY[sdk=iphoneos*]" = "iPhone Developer";
				COPY_PHASE_STRIP = NO;
				DEBUG_INFORMATION_FORMAT = dwarf;
				ENABLE_STRICT_OBJC_MSGSEND = YES;
				ENABLE_TESTABILITY = YES;
				GCC_C_LANGUAGE_STANDARD = gnu99;
				GCC_DYNAMIC_NO_PIC = NO;
				GCC_NO_COMMON_BLOCKS = YES;
				GCC_OPTIMIZATION_LEVEL = 0;
				GCC_PREPROCESSOR_DEFINITIONS = (
					"DEBUG=1",
					"$(inherited)",
				);
				GCC_WARN_64_TO_32_BIT_CONVERSION = YES;
				GCC_WARN_ABOUT_RETURN_TYPE = YES_ERROR;
				GCC_WARN_UNDECLARED_SELECTOR = YES;
				GCC_WARN_UNINITIALIZED_AUTOS = YES_AGGRESSIVE;
				GCC_WARN_UNUSED_FUNCTION = YES;
				GCC_WARN_UNUSED_VARIABLE = YES;
				IPHONEOS_DEPLOYMENT_TARGET = 9.3;
				MTL_ENABLE_DEBUG_INFO = YES;
				ONLY_ACTIVE_ARCH = YES;
				SDKROOT = iphoneos;
				SWIFT_OPTIMIZATION_LEVEL = "-Onone";
				TARGETED_DEVICE_FAMILY = "1,2";
			};
			name = Debug;
		};
		2E0288D61D82BE3700AEB490 /* Release */ = {
			isa = XCBuildConfiguration;
			buildSettings = {
				ALWAYS_SEARCH_USER_PATHS = NO;
				CLANG_ANALYZER_NONNULL = YES;
				CLANG_CXX_LANGUAGE_STANDARD = "gnu++0x";
				CLANG_CXX_LIBRARY = "libc++";
				CLANG_ENABLE_MODULES = YES;
				CLANG_ENABLE_OBJC_ARC = YES;
				CLANG_WARN_BOOL_CONVERSION = YES;
				CLANG_WARN_CONSTANT_CONVERSION = YES;
				CLANG_WARN_DIRECT_OBJC_ISA_USAGE = YES_ERROR;
				CLANG_WARN_EMPTY_BODY = YES;
				CLANG_WARN_ENUM_CONVERSION = YES;
				CLANG_WARN_INT_CONVERSION = YES;
				CLANG_WARN_OBJC_ROOT_CLASS = YES_ERROR;
				CLANG_WARN_UNREACHABLE_CODE = YES;
				CLANG_WARN__DUPLICATE_METHOD_MATCH = YES;
				"CODE_SIGN_IDENTITY[sdk=iphoneos*]" = "iPhone Developer";
				COPY_PHASE_STRIP = NO;
				DEBUG_INFORMATION_FORMAT = "dwarf-with-dsym";
				ENABLE_NS_ASSERTIONS = NO;
				ENABLE_STRICT_OBJC_MSGSEND = YES;
				GCC_C_LANGUAGE_STANDARD = gnu99;
				GCC_NO_COMMON_BLOCKS = YES;
				GCC_WARN_64_TO_32_BIT_CONVERSION = YES;
				GCC_WARN_ABOUT_RETURN_TYPE = YES_ERROR;
				GCC_WARN_UNDECLARED_SELECTOR = YES;
				GCC_WARN_UNINITIALIZED_AUTOS = YES_AGGRESSIVE;
				GCC_WARN_UNUSED_FUNCTION = YES;
				GCC_WARN_UNUSED_VARIABLE = YES;
				IPHONEOS_DEPLOYMENT_TARGET = 9.3;
				MTL_ENABLE_DEBUG_INFO = NO;
				SDKROOT = iphoneos;
				TARGETED_DEVICE_FAMILY = "1,2";
				VALIDATE_PRODUCT = YES;
			};
			name = Release;
		};
		2E0288D81D82BE3700AEB490 /* Debug */ = {
			isa = XCBuildConfiguration;
			buildSettings = {
				ASSETCATALOG_COMPILER_APPICON_NAME = AppIcon;
				INFOPLIST_FILE = FacebookFeed/Info.plist;
				LD_RUNPATH_SEARCH_PATHS = "$(inherited) @executable_path/Frameworks";
				PRODUCT_BUNDLE_IDENTIFIER = com.acquaintsoft.demo.FacebookFeed;
				PRODUCT_NAME = "$(TARGET_NAME)";
			};
			name = Debug;
		};
		2E0288D91D82BE3700AEB490 /* Release */ = {
			isa = XCBuildConfiguration;
			buildSettings = {
				ASSETCATALOG_COMPILER_APPICON_NAME = AppIcon;
				INFOPLIST_FILE = FacebookFeed/Info.plist;
				LD_RUNPATH_SEARCH_PATHS = "$(inherited) @executable_path/Frameworks";
				PRODUCT_BUNDLE_IDENTIFIER = com.acquaintsoft.demo.FacebookFeed;
				PRODUCT_NAME = "$(TARGET_NAME)";
			};
			name = Release;
		};
/* End XCBuildConfiguration section */

/* Begin XCConfigurationList section */
		2E0288C01D82BE3500AEB490 /* Build configuration list for PBXProject "FacebookFeed" */ = {
			isa = XCConfigurationList;
			buildConfigurations = (
				2E0288D51D82BE3700AEB490 /* Debug */,
				2E0288D61D82BE3700AEB490 /* Release */,
			);
			defaultConfigurationIsVisible = 0;
			defaultConfigurationName = Release;
		};
		2E0288D71D82BE3700AEB490 /* Build configuration list for PBXNativeTarget "FacebookFeed" */ = {
			isa = XCConfigurationList;
			buildConfigurations = (
				2E0288D81D82BE3700AEB490 /* Debug */,
				2E0288D91D82BE3700AEB490 /* Release */,
			);
			defaultConfigurationIsVisible = 0;
			defaultConfigurationName = Release;
		};
/* End XCConfigurationList section */
	};
	rootObject = 2E0288BD1D82BE3500AEB490 /* Project object */;
}
